Microsoft Visual Studio Solution File, Format Version 12.00
# Visual Studio Version 17
VisualStudioVersion = 17.0.31903.59
MinimumVisualStudioVersion = 10.0.40219.1
Project("{FAE04EC0-301F-11D3-BF4B-00C04F79EFBC}") = "uDiscord.Core", "src\uDiscord.Core\uDiscord.Core.csproj", "{B367EFD0-50CB-4DA7-8CC6-1E7689A95567}"
EndProject
Project("{FAE04EC0-301F-11D3-BF4B-00C04F79EFBC}") = "uDiscord.Rocket", "src\uDiscord.Rocket\uDiscord.Rocket.csproj", "{4A1E10D8-67A4-45DB-9A11-AD2B4094F9A1}"
EndProject
Project("{FAE04EC0-301F-11D3-BF4B-00C04F79EFBC}") = "uDiscord.Core.Tests", "tests\uDiscord.Core.Tests\uDiscord.Core.Tests.csproj", "{AF0CE925-D1D5-4F14-A0D0-19E4B31BF7D6}"
EndProject
Global
    GlobalSection(SolutionConfigurationPlatforms) = preSolution
        Debug|Any CPU = Debug|Any CPU
        Release|Any CPU = Release|Any CPU
    EndGlobalSection
    GlobalSection(ProjectConfigurationPlatforms) = postSolution
        {B367EFD0-50CB-4DA7-8CC6-1E7689A95567}.Debug|Any CPU.ActiveCfg = Debug|Any CPU
        {B367EFD0-50CB-4DA7-8CC6-1E7689A95567}.Debug|Any CPU.Build.0 = Debug|Any CPU
        {B367EFD0-50CB-4DA7-8CC6-1E7689A95567}.Release|Any CPU.ActiveCfg = Release|Any CPU
        {B367EFD0-50CB-4DA7-8CC6-1E7689A95567}.Release|Any CPU.Build.0 = Release|Any CPU
        {4A1E10D8-67A4-45DB-9A11-AD2B4094F9A1}.Debug|Any CPU.ActiveCfg = Debug|Any CPU
        {4A1E10D8-67A4-45DB-9A11-AD2B4094F9A1}.Debug|Any CPU.Build.0 = Debug|Any CPU
        {4A1E10D8-67A4-45DB-9A11-AD2B4094F9A1}.Release|Any CPU.ActiveCfg = Release|Any CPU
        {4A1E10D8-67A4-45DB-9A11-AD2B4094F9A1}.Release|Any CPU.Build.0 = Release|Any CPU
        {AF0CE925-D1D5-4F14-A0D0-19E4B31BF7D6}.Debug|Any CPU.ActiveCfg = Debug|Any CPU
        {AF0CE925-D1D5-4F14-A0D0-19E4B31BF7D6}.Debug|Any CPU.Build.0 = Debug|Any CPU
        {AF0CE925-D1D5-4F14-A0D0-19E4B31BF7D6}.Release|Any CPU.ActiveCfg = Release|Any CPU
        {AF0CE925-D1D5-4F14-A0D0-19E4B31BF7D6}.Release|Any CPU.Build.0 = Release|Any CPU
    EndGlobalSection
EndGlobal
